{
  "name": "Bootstrap",
  "lockfileVersion": 2,
  "requires": true,
  "packages": {
    "": {
      "dependencies": {
        "typed-js": "^0.2.3",
        "typed.js": "^2.0.12"
      }
    },
    "node_modules/typed-js": {
      "version": "0.2.3",
      "resolved": "https://registry.npmjs.org/typed-js/-/typed-js-0.2.3.tgz",
      "integrity": "sha512-3/dcS9uIxBTvN6lWoC2dA6BfmGjcxlIzJe9VlzvJcTADuYGvj3rHRvyP7g8rRq72C8yqqEN6C4mL3qBRk4Le2w==",
      "engines": {
        "node": ">=4.0.0"
      }
    },
    "node_modules/typed.js": {
      "version": "2.0.12",
      "resolved": "https://registry.npmjs.org/typed.js/-/typed.js-2.0.12.tgz",
      "integrity": "sha512-lyACZh1cu+vpfYY3DG/bvsGLXXbdoDDpWxmqta10IQUdMXisMXOEyl+jos+YT9uBbzK4QaKYBjT3R0kTJO0Slw=="
    }
  },
  "dependencies": {
    "typed-js": {
      "version": "0.2.3",
      "resolved": "https://registry.npmjs.org/typed-js/-/typed-js-0.2.3.tgz",
      "integrity": "sha512-3/dcS9uIxBTvN6lWoC2dA6BfmGjcxlIzJe9VlzvJcTADuYGvj3rHRvyP7g8rRq72C8yqqEN6C4mL3qBRk4Le2w=="
    },
    "typed.js": {
      "version": "2.0.12",
      "resolved": "https://registry.npmjs.org/typed.js/-/typed.js-2.0.12.tgz",
      "integrity": "sha512-lyACZh1cu+vpfYY3DG/bvsGLXXbdoDDpWxmqta10IQUdMXisMXOEyl+jos+YT9uBbzK4QaKYBjT3R0kTJO0Slw=="
    }
  }
}
